{
  "requires": true,
  "lockfileVersion": 1,
  "dependencies": {
    "flashjs": {
      "version": "1.0.2",
      "resolved": "https://registry.npmjs.org/flashjs/-/flashjs-1.0.2.tgz",
      "integrity": "sha512-W7fXIFZT4bprMqSH2DnC7nOoTkt8HczIuvgNxFExKzl/r/sGP02+0LNYafxe/rAjS5Na32ZctDTQgBn1QymR8A=="
    },
    "flatpickr": {
      "version": "4.6.13",
      "resolved": "https://registry.npmjs.org/flatpickr/-/flatpickr-4.6.13.tgz",
      "integrity": "sha512-97PMG/aywoYpB4IvbvUJi0RQi8vearvU0oov1WW3k0WZPBMrTQVqekSX5CjSG/M4Q3i6A/0FKXC7RyAoAUUSPw=="
    }
  }
}
